// !$*UTF8*$!
{
	archiveVersion = 1;
	classes = {
	};
	objectVersion = 46;
	objects = {

/* Begin PBXGroup section */
		607E7C0F1C7668A4006F8DB4 = {
			isa = PBXGroup;
			children = (
			);
			sourceTree = "<group>";
		};
/* End PBXGroup section */

/* Begin PBXProject section */
		607E7C101C7668A4006F8DB4 /* Project object */ = {
			isa = PBXProject;
			attributes = {
				LastUpgradeCheck = 0710;
			};
			buildConfigurationList = 607E7C131C7668A4006F8DB4 /* Build configuration list for PBXProject "velocimetroDigital" */;
			compatibilityVersion = "Xcode 3.2";
			developmentRegion = English;
			hasScannedForEncodings = 0;
			knownRegions = (
				en,
			);
			mainGroup = 607E7C0F1C7668A4006F8DB4;
			projectDirPath = "";
			projectRoot = "";
			targets = (
			);
		};
/* End PBXProject section */

/* Begin XCBuildConfiguration section */
		607E7C141C7668A4006F8DB4 /* Debug */ = {
			isa = XCBuildConfiguration;
			buildSettings = {
			};
			name = Debug;
		};
		607E7C151C7668A4006F8DB4 /* Release */ = {
			isa = XCBuildConfiguration;
			buildSettings = {
			};
			name = Release;
		};
/* End XCBuildConfiguration section */

/* Begin XCConfigurationList section */
		607E7C131C7668A4006F8DB4 /* Build configuration list for PBXProject "velocimetroDigital" */ = {
			isa = XCConfigurationList;
			buildConfigurations = (
				607E7C141C7668A4006F8DB4 /* Debug */,
				607E7C151C7668A4006F8DB4 /* Release */,
			);
			defaultConfigurationIsVisible = 0;
			defaultConfigurationName = Release;
		};
/* End XCConfigurationList section */
	};
	rootObject = 607E7C101C7668A4006F8DB4 /* Project object */;
}
